
Microsoft Visual Studio Solution File, Format Version 12.00
# Visual Studio Version 16
VisualStudioVersion = 16.0.30503.244
MinimumVisualStudioVersion = 10.0.40219.1
Project("{888888A0-9F3D-457C-B088-3A5042F75D52}") = "dlshogi", "dlshogi\dlshogi.pyproj", "{44DC35CD-F353-4DA5-AC49-F1A723D9ABF6}"
EndProject
Project("{8BC9CEB8-8B4A-11D0-8D11-00A0C91BC942}") = "usi", "usi\usi.vcxproj", "{A473DCFF-69E7-493B-81BC-EC18607CCE2A}"
EndProject
Project("{8BC9CEB8-8B4A-11D0-8D11-00A0C91BC942}") = "cppshogi", "cppshogi\cppshogi.vcxproj", "{7815FCEE-3797-4B31-A611-CC6A11AE8BC4}"
EndProject
Project("{8BC9CEB8-8B4A-11D0-8D11-00A0C91BC942}") = "test", "test\test.vcxproj", "{A246A881-CCDA-4FC5-B8EA-DEFD779B2724}"
EndProject
Project("{8BC9CEB8-8B4A-11D0-8D11-00A0C91BC942}") = "selfplay", "selfplay\selfplay.vcxproj", "{8C4DECB0-1BD4-4485-9E2D-19993F5D7C5D}"
EndProject
Project("{8BC9CEB8-8B4A-11D0-8D11-00A0C91BC942}") = "usi_onnxruntime", "usi_onnxruntime\usi_onnxruntime.vcxproj", "{A14AB8E7-348F-45B0-BBA3-BA1721FFE242}"
EndProject
Project("{8BC9CEB8-8B4A-11D0-8D11-00A0C91BC942}") = "build_onnx", "build_onnx\build_onnx.vcxproj", "{FD6E7F99-7E89-4670-B0B3-C57FFF0DA3A9}"
EndProject
Global
	GlobalSection(SolutionConfigurationPlatforms) = preSolution
		Debug|x64 = Debug|x64
		Debug|x86 = Debug|x86
		MakeBook_NoOpt|x64 = MakeBook_NoOpt|x64
		MakeBook_NoOpt|x86 = MakeBook_NoOpt|x86
		MakeBook|x64 = MakeBook|x64
		MakeBook|x86 = MakeBook|x86
		Release_NoOpt|x64 = Release_NoOpt|x64
		Release_NoOpt|x86 = Release_NoOpt|x86
		Release|x64 = Release|x64
		Release|x86 = Release|x86
	EndGlobalSection
	GlobalSection(ProjectConfigurationPlatforms) = postSolution
		{44DC35CD-F353-4DA5-AC49-F1A723D9ABF6}.Debug|x64.ActiveCfg = Debug|Any CPU
		{44DC35CD-F353-4DA5-AC49-F1A723D9ABF6}.Debug|x86.ActiveCfg = Debug|Any CPU
		{44DC35CD-F353-4DA5-AC49-F1A723D9ABF6}.MakeBook_NoOpt|x64.ActiveCfg = MakeBook_NoOpt|Any CPU
		{44DC35CD-F353-4DA5-AC49-F1A723D9ABF6}.MakeBook_NoOpt|x86.ActiveCfg = MakeBook_NoOpt|Any CPU
		{44DC35CD-F353-4DA5-AC49-F1A723D9ABF6}.MakeBook|x64.ActiveCfg = MakeBook|Any CPU
		{44DC35CD-F353-4DA5-AC49-F1A723D9ABF6}.MakeBook|x86.ActiveCfg = MakeBook|Any CPU
		{44DC35CD-F353-4DA5-AC49-F1A723D9ABF6}.Release_NoOpt|x64.ActiveCfg = Release|Any CPU
		{44DC35CD-F353-4DA5-AC49-F1A723D9ABF6}.Release_NoOpt|x86.ActiveCfg = Release_NoOpt|Any CPU
		{44DC35CD-F353-4DA5-AC49-F1A723D9ABF6}.Release|x64.ActiveCfg = Release|Any CPU
		{44DC35CD-F353-4DA5-AC49-F1A723D9ABF6}.Release|x86.ActiveCfg = Release|Any CPU
		{A473DCFF-69E7-493B-81BC-EC18607CCE2A}.Debug|x64.ActiveCfg = Debug|x64
		{A473DCFF-69E7-493B-81BC-EC18607CCE2A}.Debug|x64.Build.0 = Debug|x64
		{A473DCFF-69E7-493B-81BC-EC18607CCE2A}.Debug|x86.ActiveCfg = Debug|x64
		{A473DCFF-69E7-493B-81BC-EC18607CCE2A}.MakeBook_NoOpt|x64.ActiveCfg = MakeBook_NoOpt|x64
		{A473DCFF-69E7-493B-81BC-EC18607CCE2A}.MakeBook_NoOpt|x64.Build.0 = MakeBook_NoOpt|x64
		{A473DCFF-69E7-493B-81BC-EC18607CCE2A}.MakeBook_NoOpt|x86.ActiveCfg = MakeBook_NoOpt|x64
		{A473DCFF-69E7-493B-81BC-EC18607CCE2A}.MakeBook|x64.ActiveCfg = MakeBook|x64
		{A473DCFF-69E7-493B-81BC-EC18607CCE2A}.MakeBook|x64.Build.0 = MakeBook|x64
		{A473DCFF-69E7-493B-81BC-EC18607CCE2A}.MakeBook|x86.ActiveCfg = MakeBook|x64
		{A473DCFF-69E7-493B-81BC-EC18607CCE2A}.Release_NoOpt|x64.ActiveCfg = Release_NoOpt|x64
		{A473DCFF-69E7-493B-81BC-EC18607CCE2A}.Release_NoOpt|x64.Build.0 = Release_NoOpt|x64
		{A473DCFF-69E7-493B-81BC-EC18607CCE2A}.Release_NoOpt|x86.ActiveCfg = Release_NoOpt|x64
		{A473DCFF-69E7-493B-81BC-EC18607CCE2A}.Release|x64.ActiveCfg = Release|x64
		{A473DCFF-69E7-493B-81BC-EC18607CCE2A}.Release|x64.Build.0 = Release|x64
		{A473DCFF-69E7-493B-81BC-EC18607CCE2A}.Release|x86.ActiveCfg = Release|x64
		{7815FCEE-3797-4B31-A611-CC6A11AE8BC4}.Debug|x64.ActiveCfg = Debug|x64
		{7815FCEE-3797-4B31-A611-CC6A11AE8BC4}.Debug|x64.Build.0 = Debug|x64
		{7815FCEE-3797-4B31-A611-CC6A11AE8BC4}.Debug|x86.ActiveCfg = Debug|x64
		{7815FCEE-3797-4B31-A611-CC6A11AE8BC4}.MakeBook_NoOpt|x64.ActiveCfg = MakeBook_NoOpt|x64
		{7815FCEE-3797-4B31-A611-CC6A11AE8BC4}.MakeBook_NoOpt|x86.ActiveCfg = MakeBook_NoOpt|x64
		{7815FCEE-3797-4B31-A611-CC6A11AE8BC4}.MakeBook|x64.ActiveCfg = MakeBook|x64
		{7815FCEE-3797-4B31-A611-CC6A11AE8BC4}.MakeBook|x86.ActiveCfg = MakeBook|x64
		{7815FCEE-3797-4B31-A611-CC6A11AE8BC4}.Release_NoOpt|x64.ActiveCfg = Release_NoOpt|x64
		{7815FCEE-3797-4B31-A611-CC6A11AE8BC4}.Release_NoOpt|x64.Build.0 = Release_NoOpt|x64
		{7815FCEE-3797-4B31-A611-CC6A11AE8BC4}.Release_NoOpt|x86.ActiveCfg = Release_NoOpt|x64
		{7815FCEE-3797-4B31-A611-CC6A11AE8BC4}.Release|x64.ActiveCfg = Release|x64
		{7815FCEE-3797-4B31-A611-CC6A11AE8BC4}.Release|x64.Build.0 = Release|x64
		{7815FCEE-3797-4B31-A611-CC6A11AE8BC4}.Release|x86.ActiveCfg = Release|x64
		{A246A881-CCDA-4FC5-B8EA-DEFD779B2724}.Debug|x64.ActiveCfg = Debug|x64
		{A246A881-CCDA-4FC5-B8EA-DEFD779B2724}.Debug|x64.Build.0 = Debug|x64
		{A246A881-CCDA-4FC5-B8EA-DEFD779B2724}.Debug|x86.ActiveCfg = Debug|x64
		{A246A881-CCDA-4FC5-B8EA-DEFD779B2724}.MakeBook_NoOpt|x64.ActiveCfg = MakeBook_NoOpt|x64
		{A246A881-CCDA-4FC5-B8EA-DEFD779B2724}.MakeBook_NoOpt|x86.ActiveCfg = MakeBook_NoOpt|x64
		{A246A881-CCDA-4FC5-B8EA-DEFD779B2724}.MakeBook|x64.ActiveCfg = MakeBook|x64
		{A246A881-CCDA-4FC5-B8EA-DEFD779B2724}.MakeBook|x86.ActiveCfg = MakeBook|x64
		{A246A881-CCDA-4FC5-B8EA-DEFD779B2724}.Release_NoOpt|x64.ActiveCfg = Release_NoOpt|x64
		{A246A881-CCDA-4FC5-B8EA-DEFD779B2724}.Release_NoOpt|x86.ActiveCfg = Release_NoOpt|x64
		{A246A881-CCDA-4FC5-B8EA-DEFD779B2724}.Release|x64.ActiveCfg = Release|x64
		{A246A881-CCDA-4FC5-B8EA-DEFD779B2724}.Release|x86.ActiveCfg = Release|x64
		{8C4DECB0-1BD4-4485-9E2D-19993F5D7C5D}.Debug|x64.ActiveCfg = Debug|x64
		{8C4DECB0-1BD4-4485-9E2D-19993F5D7C5D}.Debug|x64.Build.0 = Debug|x64
		{8C4DECB0-1BD4-4485-9E2D-19993F5D7C5D}.Debug|x86.ActiveCfg = Debug|x64
		{8C4DECB0-1BD4-4485-9E2D-19993F5D7C5D}.MakeBook_NoOpt|x64.ActiveCfg = MakeBook_NoOpt|x64
		{8C4DECB0-1BD4-4485-9E2D-19993F5D7C5D}.MakeBook_NoOpt|x86.ActiveCfg = MakeBook_NoOpt|x64
		{8C4DECB0-1BD4-4485-9E2D-19993F5D7C5D}.MakeBook|x64.ActiveCfg = MakeBook|x64
		{8C4DECB0-1BD4-4485-9E2D-19993F5D7C5D}.MakeBook|x86.ActiveCfg = MakeBook|x64
		{8C4DECB0-1BD4-4485-9E2D-19993F5D7C5D}.Release_NoOpt|x64.ActiveCfg = Release_NoOpt|x64
		{8C4DECB0-1BD4-4485-9E2D-19993F5D7C5D}.Release_NoOpt|x64.Build.0 = Release_NoOpt|x64
		{8C4DECB0-1BD4-4485-9E2D-19993F5D7C5D}.Release_NoOpt|x86.ActiveCfg = Release_NoOpt|x64
		{8C4DECB0-1BD4-4485-9E2D-19993F5D7C5D}.Release|x64.ActiveCfg = Release|x64
		{8C4DECB0-1BD4-4485-9E2D-19993F5D7C5D}.Release|x64.Build.0 = Release|x64
		{8C4DECB0-1BD4-4485-9E2D-19993F5D7C5D}.Release|x86.ActiveCfg = Release|x64
		{A14AB8E7-348F-45B0-BBA3-BA1721FFE242}.Debug|x64.ActiveCfg = Debug|x64
		{A14AB8E7-348F-45B0-BBA3-BA1721FFE242}.Debug|x64.Build.0 = Debug|x64
		{A14AB8E7-348F-45B0-BBA3-BA1721FFE242}.Debug|x86.ActiveCfg = Debug|x64
		{A14AB8E7-348F-45B0-BBA3-BA1721FFE242}.MakeBook_NoOpt|x64.ActiveCfg = Debug|x64
		{A14AB8E7-348F-45B0-BBA3-BA1721FFE242}.MakeBook_NoOpt|x64.Build.0 = Debug|x64
		{A14AB8E7-348F-45B0-BBA3-BA1721FFE242}.MakeBook_NoOpt|x86.ActiveCfg = Release|x64
		{A14AB8E7-348F-45B0-BBA3-BA1721FFE242}.MakeBook_NoOpt|x86.Build.0 = Release|x64
		{A14AB8E7-348F-45B0-BBA3-BA1721FFE242}.MakeBook|x64.ActiveCfg = Debug|x64
		{A14AB8E7-348F-45B0-BBA3-BA1721FFE242}.MakeBook|x64.Build.0 = Debug|x64
		{A14AB8E7-348F-45B0-BBA3-BA1721FFE242}.MakeBook|x86.ActiveCfg = Release|x64
		{A14AB8E7-348F-45B0-BBA3-BA1721FFE242}.MakeBook|x86.Build.0 = Release|x64
		{A14AB8E7-348F-45B0-BBA3-BA1721FFE242}.Release_NoOpt|x64.ActiveCfg = Release|x64
		{A14AB8E7-348F-45B0-BBA3-BA1721FFE242}.Release_NoOpt|x64.Build.0 = Release|x64
		{A14AB8E7-348F-45B0-BBA3-BA1721FFE242}.Release_NoOpt|x86.ActiveCfg = Release|x64
		{A14AB8E7-348F-45B0-BBA3-BA1721FFE242}.Release_NoOpt|x86.Build.0 = Release|x64
		{A14AB8E7-348F-45B0-BBA3-BA1721FFE242}.Release|x64.ActiveCfg = Release|x64
		{A14AB8E7-348F-45B0-BBA3-BA1721FFE242}.Release|x64.Build.0 = Release|x64
		{A14AB8E7-348F-45B0-BBA3-BA1721FFE242}.Release|x86.ActiveCfg = Release|x64
		{FD6E7F99-7E89-4670-B0B3-C57FFF0DA3A9}.Debug|x64.ActiveCfg = Debug|x64
		{FD6E7F99-7E89-4670-B0B3-C57FFF0DA3A9}.Debug|x64.Build.0 = Debug|x64
		{FD6E7F99-7E89-4670-B0B3-C57FFF0DA3A9}.Debug|x86.ActiveCfg = Debug|Win32
		{FD6E7F99-7E89-4670-B0B3-C57FFF0DA3A9}.Debug|x86.Build.0 = Debug|Win32
		{FD6E7F99-7E89-4670-B0B3-C57FFF0DA3A9}.MakeBook_NoOpt|x64.ActiveCfg = Debug|x64
		{FD6E7F99-7E89-4670-B0B3-C57FFF0DA3A9}.MakeBook_NoOpt|x64.Build.0 = Debug|x64
		{FD6E7F99-7E89-4670-B0B3-C57FFF0DA3A9}.MakeBook_NoOpt|x86.ActiveCfg = Debug|Win32
		{FD6E7F99-7E89-4670-B0B3-C57FFF0DA3A9}.MakeBook_NoOpt|x86.Build.0 = Debug|Win32
		{FD6E7F99-7E89-4670-B0B3-C57FFF0DA3A9}.MakeBook|x64.ActiveCfg = Debug|x64
		{FD6E7F99-7E89-4670-B0B3-C57FFF0DA3A9}.MakeBook|x64.Build.0 = Debug|x64
		{FD6E7F99-7E89-4670-B0B3-C57FFF0DA3A9}.MakeBook|x86.ActiveCfg = Debug|Win32
		{FD6E7F99-7E89-4670-B0B3-C57FFF0DA3A9}.MakeBook|x86.Build.0 = Debug|Win32
		{FD6E7F99-7E89-4670-B0B3-C57FFF0DA3A9}.Release_NoOpt|x64.ActiveCfg = Release|x64
		{FD6E7F99-7E89-4670-B0B3-C57FFF0DA3A9}.Release_NoOpt|x64.Build.0 = Release|x64
		{FD6E7F99-7E89-4670-B0B3-C57FFF0DA3A9}.Release_NoOpt|x86.ActiveCfg = Release|Win32
		{FD6E7F99-7E89-4670-B0B3-C57FFF0DA3A9}.Release_NoOpt|x86.Build.0 = Release|Win32
		{FD6E7F99-7E89-4670-B0B3-C57FFF0DA3A9}.Release|x64.ActiveCfg = Release|x64
		{FD6E7F99-7E89-4670-B0B3-C57FFF0DA3A9}.Release|x64.Build.0 = Release|x64
		{FD6E7F99-7E89-4670-B0B3-C57FFF0DA3A9}.Release|x86.ActiveCfg = Release|Win32
		{FD6E7F99-7E89-4670-B0B3-C57FFF0DA3A9}.Release|x86.Build.0 = Release|Win32
	EndGlobalSection
	GlobalSection(SolutionProperties) = preSolution
		HideSolutionNode = FALSE
	EndGlobalSection
	GlobalSection(ExtensibilityGlobals) = postSolution
		SolutionGuid = {644DCFEC-2F66-4A15-AF44-86E49EBAF356}
	EndGlobalSection
EndGlobal
