<?xml version="1.0" encoding="utf-8"?>
<Project ToolsVersion="4.0" xmlns="http://schemas.microsoft.com/developer/msbuild/2003">
  <ItemGroup>
    <Filter Include="ソース ファイル">
      <UniqueIdentifier>{4FC737F1-C7A5-4376-A066-2A32D752A2FF}</UniqueIdentifier>
      <Extensions>cpp;c;cc;cxx;c++;cppm;ixx;def;odl;idl;hpj;bat;asm;asmx</Extensions>
    </Filter>
    <Filter Include="ヘッダー ファイル">
      <UniqueIdentifier>{93995380-89BD-4b04-88EB-625FBE52EBFB}</UniqueIdentifier>
      <Extensions>h;hh;hpp;hxx;h++;hm;inl;inc;ipp;xsd</Extensions>
    </Filter>
    <Filter Include="リソース ファイル">
      <UniqueIdentifier>{67DA6AB6-F800-4c08-8B7A-83BB121AAD01}</UniqueIdentifier>
      <Extensions>rc;ico;cur;bmp;dlg;rc2;rct;bin;rgs;gif;jpg;jpeg;jpe;resx;tiff;tif;png;wav;mfcribbon-ms</Extensions>
    </Filter>
    <Filter Include="ソース ファイル\cppshogi">
      <UniqueIdentifier>{dcfe85ed-d182-435d-9b7c-b14c6437af39}</UniqueIdentifier>
    </Filter>
  </ItemGroup>
  <ItemGroup>
    <ClCompile Include="..\usi\nn_tensorrt.cpp">
      <Filter>ソース ファイル</Filter>
    </ClCompile>
    <ClCompile Include="build_onnx.cpp">
      <Filter>ソース ファイル</Filter>
    </ClCompile>
    <ClCompile Include="..\cppshogi\bitboard.cpp">
      <Filter>ソース ファイル\cppshogi</Filter>
    </ClCompile>
    <ClCompile Include="..\cppshogi\common.cpp">
      <Filter>ソース ファイル\cppshogi</Filter>
    </ClCompile>
    <ClCompile Include="..\cppshogi\cppshogi.cpp">
      <Filter>ソース ファイル\cppshogi</Filter>
    </ClCompile>
    <ClCompile Include="..\cppshogi\generateMoves.cpp">
      <Filter>ソース ファイル\cppshogi</Filter>
    </ClCompile>
    <ClCompile Include="..\cppshogi\hand.cpp">
      <Filter>ソース ファイル\cppshogi</Filter>
    </ClCompile>
    <ClCompile Include="..\cppshogi\init.cpp">
      <Filter>ソース ファイル\cppshogi</Filter>
    </ClCompile>
    <ClCompile Include="..\cppshogi\move.cpp">
      <Filter>ソース ファイル\cppshogi</Filter>
    </ClCompile>
    <ClCompile Include="..\cppshogi\mt64bit.cpp">
      <Filter>ソース ファイル\cppshogi</Filter>
    </ClCompile>
    <ClCompile Include="..\cppshogi\position.cpp">
      <Filter>ソース ファイル\cppshogi</Filter>
    </ClCompile>
    <ClCompile Include="..\cppshogi\search.cpp">
      <Filter>ソース ファイル\cppshogi</Filter>
    </ClCompile>
    <ClCompile Include="..\cppshogi\square.cpp">
      <Filter>ソース ファイル\cppshogi</Filter>
    </ClCompile>
    <ClCompile Include="..\cppshogi\book.cpp">
      <Filter>ソース ファイル\cppshogi</Filter>
    </ClCompile>
    <ClCompile Include="..\cppshogi\usi.cpp">
      <Filter>ソース ファイル\cppshogi</Filter>
    </ClCompile>
    <ClCompile Include="..\cppshogi\dtype.cpp">
      <Filter>ソース ファイル\cppshogi</Filter>
    </ClCompile>
  </ItemGroup>
  <ItemGroup>
    <ClInclude Include="..\usi\nn_tensorrt.h">
      <Filter>ヘッダー ファイル</Filter>
    </ClInclude>
  </ItemGroup>
  <ItemGroup>
    <CustomBuild Include="..\usi\unpack.cu">
      <Filter>ソース ファイル</Filter>
    </CustomBuild>
  </ItemGroup>
</Project>